
Microsoft Visual Studio Solution File, Format Version 12.00
# Visual Studio Version 16
VisualStudioVersion = 25.0.1706.9
MinimumVisualStudioVersion = 10.0.40219.1
Project("{FAE04EC0-301F-11D3-BF4B-00C04F79EFBC}") = ".Net Lv1", ".Net Lv1\.Net Lv1.csproj", "{B4974B9E-A292-4482-936B-BCCE2D6D0405}"
EndProject
Global
	GlobalSection(SolutionConfigurationPlatforms) = preSolution
		Debug|Any CPU = Debug|Any CPU
		Release|Any CPU = Release|Any CPU
	EndGlobalSection
	GlobalSection(ProjectConfigurationPlatforms) = postSolution
		{B4974B9E-A292-4482-936B-BCCE2D6D0405}.Debug|Any CPU.ActiveCfg = Debug|Any CPU
		{B4974B9E-A292-4482-936B-BCCE2D6D0405}.Debug|Any CPU.Build.0 = Debug|Any CPU
		{B4974B9E-A292-4482-936B-BCCE2D6D0405}.Release|Any CPU.ActiveCfg = Release|Any CPU
		{B4974B9E-A292-4482-936B-BCCE2D6D0405}.Release|Any CPU.Build.0 = Release|Any CPU
	EndGlobalSection
	GlobalSection(SolutionProperties) = preSolution
		HideSolutionNode = FALSE
	EndGlobalSection
	GlobalSection(ExtensibilityGlobals) = postSolution
		SolutionGuid = {E4935746-76D3-4D64-87C7-9C1A544170B9}
	EndGlobalSection
EndGlobal
